
Microsoft Visual Studio Solution File, Format Version 12.00
# Visual Studio Version 17
VisualStudioVersion = 17.14.36429.23 d17.14
MinimumVisualStudioVersion = 10.0.40219.1
Project("{FAE04EC0-301F-11D3-BF4B-00C04F79EFBC}") = "Ejercicio4", "Ejercicio4\Ejercicio4.csproj", "{990C2BD4-A97D-4D18-B98D-74F2D8C1FCEE}"
EndProject
Global
	GlobalSection(SolutionConfigurationPlatforms) = preSolution
		Debug|Any CPU = Debug|Any CPU
		Release|Any CPU = Release|Any CPU
	EndGlobalSection
	GlobalSection(ProjectConfigurationPlatforms) = postSolution
		{990C2BD4-A97D-4D18-B98D-74F2D8C1FCEE}.Debug|Any CPU.ActiveCfg = Debug|Any CPU
		{990C2BD4-A97D-4D18-B98D-74F2D8C1FCEE}.Debug|Any CPU.Build.0 = Debug|Any CPU
		{990C2BD4-A97D-4D18-B98D-74F2D8C1FCEE}.Release|Any CPU.ActiveCfg = Release|Any CPU
		{990C2BD4-A97D-4D18-B98D-74F2D8C1FCEE}.Release|Any CPU.Build.0 = Release|Any CPU
	EndGlobalSection
	GlobalSection(SolutionProperties) = preSolution
		HideSolutionNode = FALSE
	EndGlobalSection
	GlobalSection(ExtensibilityGlobals) = postSolution
		SolutionGuid = {D12E7235-C230-4EDB-BBBB-871D8C74E1D4}
	EndGlobalSection
EndGlobal
