
Microsoft Visual Studio Solution File, Format Version 12.00
# Visual Studio Version 17
VisualStudioVersion = 17.14.36429.23 d17.14
MinimumVisualStudioVersion = 10.0.40219.1
Project("{FAE04EC0-301F-11D3-BF4B-00C04F79EFBC}") = "TemaArchivos", "TemaArchivos\TemaArchivos.csproj", "{19611D2B-75C2-420F-9EED-095BCB0E6F3D}"
EndProject
Global
	GlobalSection(SolutionConfigurationPlatforms) = preSolution
		Debug|Any CPU = Debug|Any CPU
		Release|Any CPU = Release|Any CPU
	EndGlobalSection
	GlobalSection(ProjectConfigurationPlatforms) = postSolution
		{19611D2B-75C2-420F-9EED-095BCB0E6F3D}.Debug|Any CPU.ActiveCfg = Debug|Any CPU
		{19611D2B-75C2-420F-9EED-095BCB0E6F3D}.Debug|Any CPU.Build.0 = Debug|Any CPU
		{19611D2B-75C2-420F-9EED-095BCB0E6F3D}.Release|Any CPU.ActiveCfg = Release|Any CPU
		{19611D2B-75C2-420F-9EED-095BCB0E6F3D}.Release|Any CPU.Build.0 = Release|Any CPU
	EndGlobalSection
	GlobalSection(SolutionProperties) = preSolution
		HideSolutionNode = FALSE
	EndGlobalSection
	GlobalSection(ExtensibilityGlobals) = postSolution
		SolutionGuid = {ED53595E-2692-4F0F-905D-1B620808B5EA}
	EndGlobalSection
EndGlobal
